// !$*UTF8*$!
{
	archiveVersion = 1;
	classes = {
	};
	objectVersion = 56;
	objects = {

/* Begin PBXBuildFile section */
		AA000001 /* SpectraApp.swift in Sources */ = {isa = PBXBuildFile; fileRef = AB000001; };
		AA000002 /* DesignSystem.swift in Sources */ = {isa = PBXBuildFile; fileRef = AB000002; };
		AA000003 /* TaskStatus.swift in Sources */ = {isa = PBXBuildFile; fileRef = AB000003; };
		AA000004 /* ConfirmationRequest.swift in Sources */ = {isa = PBXBuildFile; fileRef = AB000004; };
		AA000005 /* PlanStep.swift in Sources */ = {isa = PBXBuildFile; fileRef = AB000005; };
		AA000006 /* MemoryItem.swift in Sources */ = {isa = PBXBuildFile; fileRef = AB000006; };
		AA000007 /* WebSocketService.swift in Sources */ = {isa = PBXBuildFile; fileRef = AB000007; };
		AA000008 /* SpeechService.swift in Sources */ = {isa = PBXBuildFile; fileRef = AB000008; };
		AA000009 /* NotificationService.swift in Sources */ = {isa = PBXBuildFile; fileRef = AB000009; };
		AA00000A /* HomeView.swift in Sources */ = {isa = PBXBuildFile; fileRef = AB00000A; };
		AA00000B /* TaskRunningView.swift in Sources */ = {isa = PBXBuildFile; fileRef = AB00000B; };
		AA00000C /* ConfirmationSheet.swift in Sources */ = {isa = PBXBuildFile; fileRef = AB00000C; };
		AA00000D /* ResultView.swift in Sources */ = {isa = PBXBuildFile; fileRef = AB00000D; };
		AA00000E /* AskUserRequest.swift in Sources */ = {isa = PBXBuildFile; fileRef = AB00000F; };
		AA00000F /* AskUserSheet.swift in Sources */ = {isa = PBXBuildFile; fileRef = AB000010; };
		AA000010 /* VoiceInputSection.swift in Sources */ = {isa = PBXBuildFile; fileRef = AB000011; };
/* End PBXBuildFile section */

/* Begin PBXFileReference section */
		AB000001 /* SpectraApp.swift */ = {isa = PBXFileReference; lastKnownFileType = sourcecode.swift; path = SpectraApp.swift; sourceTree = "<group>"; };
		AB000002 /* DesignSystem.swift */ = {isa = PBXFileReference; lastKnownFileType = sourcecode.swift; path = DesignSystem.swift; sourceTree = "<group>"; };
		AB000003 /* TaskStatus.swift */ = {isa = PBXFileReference; lastKnownFileType = sourcecode.swift; path = TaskStatus.swift; sourceTree = "<group>"; };
		AB000004 /* ConfirmationRequest.swift */ = {isa = PBXFileReference; lastKnownFileType = sourcecode.swift; path = ConfirmationRequest.swift; sourceTree = "<group>"; };
		AB000005 /* PlanStep.swift */ = {isa = PBXFileReference; lastKnownFileType = sourcecode.swift; path = PlanStep.swift; sourceTree = "<group>"; };
		AB000006 /* MemoryItem.swift */ = {isa = PBXFileReference; lastKnownFileType = sourcecode.swift; path = MemoryItem.swift; sourceTree = "<group>"; };
		AB000007 /* WebSocketService.swift */ = {isa = PBXFileReference; lastKnownFileType = sourcecode.swift; path = WebSocketService.swift; sourceTree = "<group>"; };
		AB000008 /* SpeechService.swift */ = {isa = PBXFileReference; lastKnownFileType = sourcecode.swift; path = SpeechService.swift; sourceTree = "<group>"; };
		AB000009 /* NotificationService.swift */ = {isa = PBXFileReference; lastKnownFileType = sourcecode.swift; path = NotificationService.swift; sourceTree = "<group>"; };
		AB00000A /* HomeView.swift */ = {isa = PBXFileReference; lastKnownFileType = sourcecode.swift; path = HomeView.swift; sourceTree = "<group>"; };
		AB00000B /* TaskRunningView.swift */ = {isa = PBXFileReference; lastKnownFileType = sourcecode.swift; path = TaskRunningView.swift; sourceTree = "<group>"; };
		AB00000C /* ConfirmationSheet.swift */ = {isa = PBXFileReference; lastKnownFileType = sourcecode.swift; path = ConfirmationSheet.swift; sourceTree = "<group>"; };
		AB00000D /* ResultView.swift */ = {isa = PBXFileReference; lastKnownFileType = sourcecode.swift; path = ResultView.swift; sourceTree = "<group>"; };
		AB00000E /* Info.plist */ = {isa = PBXFileReference; lastKnownFileType = text.plist.xml; path = Info.plist; sourceTree = "<group>"; };
		AB00000F /* AskUserRequest.swift */ = {isa = PBXFileReference; lastKnownFileType = sourcecode.swift; path = AskUserRequest.swift; sourceTree = "<group>"; };
		AB000010 /* AskUserSheet.swift */ = {isa = PBXFileReference; lastKnownFileType = sourcecode.swift; path = AskUserSheet.swift; sourceTree = "<group>"; };
		AB000011 /* VoiceInputSection.swift */ = {isa = PBXFileReference; lastKnownFileType = sourcecode.swift; path = VoiceInputSection.swift; sourceTree = "<group>"; };
		AC000001 /* Spectra.app */ = {isa = PBXFileReference; explicitFileType = wrapper.application; includeInIndex = 0; path = Spectra.app; sourceTree = BUILT_PRODUCTS_DIR; };
/* End PBXFileReference section */

/* Begin PBXFrameworksBuildPhase section */
		AD000001 /* Frameworks */ = {
			isa = PBXFrameworksBuildPhase;
			buildActionMask = 2147483647;
			files = (
			);
			runOnlyForDeploymentPostprocessing = 0;
		};
/* End PBXFrameworksBuildPhase section */

/* Begin PBXGroup section */
		AE000001 = {
			isa = PBXGroup;
			children = (
				AE000002 /* Spectra */,
				AE000009 /* Products */,
			);
			sourceTree = "<group>";
		};
		AE000002 /* Spectra */ = {
			isa = PBXGroup;
			children = (
				AB000001 /* SpectraApp.swift */,
				AB00000E /* Info.plist */,
				AE000003 /* Theme */,
				AE000004 /* Models */,
				AE000005 /* Services */,
				AE000006 /* Views */,
			);
			path = Spectra;
			sourceTree = "<group>";
		};
		AE000003 /* Theme */ = {
			isa = PBXGroup;
			children = (
				AB000002 /* DesignSystem.swift */,
			);
			path = Theme;
			sourceTree = "<group>";
		};
		AE000004 /* Models */ = {
			isa = PBXGroup;
			children = (
				AB000003 /* TaskStatus.swift */,
				AB000004 /* ConfirmationRequest.swift */,
				AB000005 /* PlanStep.swift */,
				AB000006 /* MemoryItem.swift */,
				AB00000F /* AskUserRequest.swift */,
			);
			path = Models;
			sourceTree = "<group>";
		};
		AE000005 /* Services */ = {
			isa = PBXGroup;
			children = (
				AB000007 /* WebSocketService.swift */,
				AB000008 /* SpeechService.swift */,
				AB000009 /* NotificationService.swift */,
			);
			path = Services;
			sourceTree = "<group>";
		};
		AE000006 /* Views */ = {
			isa = PBXGroup;
			children = (
				AB00000A /* HomeView.swift */,
				AB000011 /* VoiceInputSection.swift */,
				AB00000B /* TaskRunningView.swift */,
				AB00000C /* ConfirmationSheet.swift */,
				AB00000D /* ResultView.swift */,
				AB000010 /* AskUserSheet.swift */,
			);
			path = Views;
			sourceTree = "<group>";
		};
		AE000009 /* Products */ = {
			isa = PBXGroup;
			children = (
				AC000001 /* Spectra.app */,
			);
			name = Products;
			sourceTree = "<group>";
		};
/* End PBXGroup section */

/* Begin PBXNativeTarget section */
		AF000001 /* Spectra */ = {
			isa = PBXNativeTarget;
			buildConfigurationList = B1000001 /* Build configuration list for PBXNativeTarget "Spectra" */;
			buildPhases = (
				B0000001 /* Sources */,
				AD000001 /* Frameworks */,
				B0000002 /* Resources */,
			);
			buildRules = (
			);
			dependencies = (
			);
			name = Spectra;
			productName = Spectra;
			productReference = AC000001 /* Spectra.app */;
			productType = "com.apple.product-type.application";
		};
/* End PBXNativeTarget section */

/* Begin PBXProject section */
		B2000001 /* Project object */ = {
			isa = PBXProject;
			attributes = {
				BuildIndependentTargetsInParallel = 1;
				LastSwiftUpdateCheck = 1540;
				LastUpgradeCheck = 1540;
				TargetAttributes = {
					AF000001 = {
						CreatedOnToolsVersion = 15.4;
					};
				};
			};
			buildConfigurationList = B1000002 /* Build configuration list for PBXProject "Spectra" */;
			compatibilityVersion = "Xcode 14.0";
			developmentRegion = en;
			hasScannedForEncodings = 0;
			knownRegions = (
				en,
				Base,
			);
			mainGroup = AE000001;
			productRefGroup = AE000009 /* Products */;
			projectDirPath = "";
			projectRoot = "";
			targets = (
				AF000001 /* Spectra */,
			);
		};
/* End PBXProject section */

/* Begin PBXResourcesBuildPhase section */
		B0000002 /* Resources */ = {
			isa = PBXResourcesBuildPhase;
			buildActionMask = 2147483647;
			files = (
			);
			runOnlyForDeploymentPostprocessing = 0;
		};
/* End PBXResourcesBuildPhase section */

/* Begin PBXSourcesBuildPhase section */
		B0000001 /* Sources */ = {
			isa = PBXSourcesBuildPhase;
			buildActionMask = 2147483647;
			files = (
				AA000001 /* SpectraApp.swift in Sources */,
				AA000002 /* DesignSystem.swift in Sources */,
				AA000003 /* TaskStatus.swift in Sources */,
				AA000004 /* ConfirmationRequest.swift in Sources */,
				AA000005 /* PlanStep.swift in Sources */,
				AA000006 /* MemoryItem.swift in Sources */,
				AA000007 /* WebSocketService.swift in Sources */,
				AA000008 /* SpeechService.swift in Sources */,
				AA000009 /* NotificationService.swift in Sources */,
				AA00000A /* HomeView.swift in Sources */,
				AA00000B /* TaskRunningView.swift in Sources */,
				AA00000C /* ConfirmationSheet.swift in Sources */,
				AA00000D /* ResultView.swift in Sources */,
				AA00000E /* AskUserRequest.swift in Sources */,
				AA00000F /* AskUserSheet.swift in Sources */,
				AA000010 /* VoiceInputSection.swift in Sources */,
			);
			runOnlyForDeploymentPostprocessing = 0;
		};
/* End PBXSourcesBuildPhase section */

/* Begin XCBuildConfiguration section */
		B3000001 /* Debug */ = {
			isa = XCBuildConfiguration;
			buildSettings = {
				ALWAYS_SEARCH_USER_PATHS = NO;
				ASSETCATALOG_COMPILER_GENERATE_SWIFT_ASSET_SYMBOL_EXTENSIONS = YES;
				CLANG_ANALYZER_NONNULL = YES;
				CLANG_ANALYZER_NUMBER_OBJECT_CONVERSION = YES_AGGRESSIVE;
				CLANG_CXX_LANGUAGE_STANDARD = "gnu++20";
				CLANG_ENABLE_MODULES = YES;
				CLANG_ENABLE_OBJC_ARC = YES;
				CLANG_ENABLE_OBJC_WEAK = YES;
				CLANG_WARN_BLOCK_CAPTURE_AUTORELEASING = YES;
				CLANG_WARN_BOOL_CONVERSION = YES;
				CLANG_WARN_COMMA = YES;
				CLANG_WARN_CONSTANT_CONVERSION = YES;
				CLANG_WARN_DEPRECATED_OBJC_IMPLEMENTATIONS = YES;
				CLANG_WARN_DIRECT_OBJC_ISA_USAGE = YES_ERROR;
				CLANG_WARN_DOCUMENTATION_COMMENTS = YES;
				CLANG_WARN_EMPTY_BODY = YES;
				CLANG_WARN_ENUM_CONVERSION = YES;
				CLANG_WARN_INFINITE_RECURSION = YES;
				CLANG_WARN_INT_CONVERSION = YES;
				CLANG_WARN_NON_LITERAL_NULL_CONVERSION = YES;
				CLANG_WARN_OBJC_IMPLICIT_RETAIN_SELF = YES;
				CLANG_WARN_OBJC_LITERAL_CONVERSION = YES;
				CLANG_WARN_OBJC_ROOT_CLASS = YES_ERROR;
				CLANG_WARN_QUOTED_INCLUDE_IN_FRAMEWORK_HEADER = YES;
				CLANG_WARN_RANGE_LOOP_ANALYSIS = YES;
				CLANG_WARN_STRICT_PROTOTYPES = YES;
				CLANG_WARN_SUSPICIOUS_MOVE = YES;
				CLANG_WARN_UNGUARDED_AVAILABILITY = YES_AGGRESSIVE;
				CLANG_WARN_UNREACHABLE_CODE = YES;
				CLANG_WARN__DUPLICATE_METHOD_MATCH = YES;
				COPY_PHASE_STRIP = NO;
				DEBUG_INFORMATION_FORMAT = dwarf;
				ENABLE_STRICT_OBJC_MSGSEND = YES;
				ENABLE_TESTABILITY = YES;
				ENABLE_USER_SCRIPT_SANDBOXING = YES;
				GCC_C_LANGUAGE_STANDARD = gnu17;
				GCC_DYNAMIC_NO_PIC = NO;
				GCC_NO_COMMON_BLOCKS = YES;
				GCC_OPTIMIZATION_LEVEL = 0;
				GCC_PREPROCESSOR_DEFINITIONS = (
					"DEBUG=1",
					"$(inherited)",
				);
				GCC_WARN_64_TO_32_BIT_CONVERSION = YES;
				GCC_WARN_ABOUT_RETURN_TYPE = YES_ERROR;
				GCC_WARN_UNDECLARED_SELECTOR = YES;
				GCC_WARN_UNINITIALIZED_AUTOS = YES_AGGRESSIVE;
				GCC_WARN_UNUSED_FUNCTION = YES;
				GCC_WARN_UNUSED_VARIABLE = YES;
				IPHONEOS_DEPLOYMENT_TARGET = 17.0;
				MTL_ENABLE_DEBUG_INFO = INCLUDE_SOURCE;
				MTL_FAST_MATH = YES;
				ONLY_ACTIVE_ARCH = YES;
				SDKROOT = iphoneos;
				SWIFT_ACTIVE_COMPILATION_CONDITIONS = "$(inherited) DEBUG";
				SWIFT_OPTIMIZATION_LEVEL = "-Onone";
			};
			name = Debug;
		};
		B3000002 /* Release */ = {
			isa = XCBuildConfiguration;
			buildSettings = {
				ALWAYS_SEARCH_USER_PATHS = NO;
				ASSETCATALOG_COMPILER_GENERATE_SWIFT_ASSET_SYMBOL_EXTENSIONS = YES;
				CLANG_ANALYZER_NONNULL = YES;
				CLANG_ANALYZER_NUMBER_OBJECT_CONVERSION = YES_AGGRESSIVE;
				CLANG_CXX_LANGUAGE_STANDARD = "gnu++20";
				CLANG_ENABLE_MODULES = YES;
				CLANG_ENABLE_OBJC_ARC = YES;
				CLANG_ENABLE_OBJC_WEAK = YES;
				CLANG_WARN_BLOCK_CAPTURE_AUTORELEASING = YES;
				CLANG_WARN_BOOL_CONVERSION = YES;
				CLANG_WARN_COMMA = YES;
				CLANG_WARN_CONSTANT_CONVERSION = YES;
				CLANG_WARN_DEPRECATED_OBJC_IMPLEMENTATIONS = YES;
				CLANG_WARN_DIRECT_OBJC_ISA_USAGE = YES_ERROR;
				CLANG_WARN_DOCUMENTATION_COMMENTS = YES;
				CLANG_WARN_EMPTY_BODY = YES;
				CLANG_WARN_ENUM_CONVERSION = YES;
				CLANG_WARN_INFINITE_RECURSION = YES;
				CLANG_WARN_INT_CONVERSION = YES;
				CLANG_WARN_NON_LITERAL_NULL_CONVERSION = YES;
				CLANG_WARN_OBJC_IMPLICIT_RETAIN_SELF = YES;
				CLANG_WARN_OBJC_LITERAL_CONVERSION = YES;
				CLANG_WARN_OBJC_ROOT_CLASS = YES_ERROR;
				CLANG_WARN_QUOTED_INCLUDE_IN_FRAMEWORK_HEADER = YES;
				CLANG_WARN_RANGE_LOOP_ANALYSIS = YES;
				CLANG_WARN_STRICT_PROTOTYPES = YES;
				CLANG_WARN_SUSPICIOUS_MOVE = YES;
				CLANG_WARN_UNGUARDED_AVAILABILITY = YES_AGGRESSIVE;
				CLANG_WARN_UNREACHABLE_CODE = YES;
				CLANG_WARN__DUPLICATE_METHOD_MATCH = YES;
				COPY_PHASE_STRIP = NO;
				DEBUG_INFORMATION_FORMAT = "dwarf-with-dsym";
				ENABLE_NS_ASSERTIONS = NO;
				ENABLE_STRICT_OBJC_MSGSEND = YES;
				ENABLE_USER_SCRIPT_SANDBOXING = YES;
				GCC_C_LANGUAGE_STANDARD = gnu17;
				GCC_NO_COMMON_BLOCKS = YES;
				GCC_WARN_64_TO_32_BIT_CONVERSION = YES;
				GCC_WARN_ABOUT_RETURN_TYPE = YES_ERROR;
				GCC_WARN_UNDECLARED_SELECTOR = YES;
				GCC_WARN_UNINITIALIZED_AUTOS = YES_AGGRESSIVE;
				GCC_WARN_UNUSED_FUNCTION = YES;
				GCC_WARN_UNUSED_VARIABLE = YES;
				IPHONEOS_DEPLOYMENT_TARGET = 17.0;
				MTL_ENABLE_DEBUG_INFO = NO;
				MTL_FAST_MATH = YES;
				SDKROOT = iphoneos;
				SWIFT_COMPILATION_MODE = wholemodule;
				VALIDATE_PRODUCT = YES;
			};
			name = Release;
		};
		B3000003 /* Debug */ = {
			isa = XCBuildConfiguration;
			buildSettings = {
				ASSETCATALOG_COMPILER_APPICON_NAME = AppIcon;
				ASSETCATALOG_COMPILER_GLOBAL_ACCENT_COLOR_NAME = AccentColor;
				CODE_SIGN_IDENTITY = "Apple Development";
				CODE_SIGN_STYLE = Automatic;
				CURRENT_PROJECT_VERSION = 1;
				DEVELOPMENT_TEAM = "";
				ENABLE_PREVIEWS = YES;
				GENERATE_INFOPLIST_FILE = YES;
				INFOPLIST_FILE = Spectra/Info.plist;
				INFOPLIST_KEY_CFBundleDisplayName = Spectra;
				INFOPLIST_KEY_NSMicrophoneUsageDescription = "Spectra needs microphone access to listen for voice commands.";
				INFOPLIST_KEY_NSSpeechRecognitionUsageDescription = "Spectra uses speech recognition to accept voice commands for controlling your iPhone.";
				INFOPLIST_KEY_UIApplicationSceneManifest_Generation = YES;
				INFOPLIST_KEY_UIApplicationSupportsIndirectInputEvents = YES;
				INFOPLIST_KEY_UILaunchScreen_Generation = YES;
				INFOPLIST_KEY_UISupportedInterfaceOrientations_iPad = "UIInterfaceOrientationPortrait UIInterfaceOrientationPortraitUpsideDown UIInterfaceOrientationLandscapeLeft UIInterfaceOrientationLandscapeRight";
				INFOPLIST_KEY_UISupportedInterfaceOrientations_iPhone = "UIInterfaceOrientationPortrait UIInterfaceOrientationLandscapeLeft UIInterfaceOrientationLandscapeRight";
				LD_RUNPATH_SEARCH_PATHS = (
					"$(inherited)",
					"@executable_path/Frameworks",
				);
				MARKETING_VERSION = 1.0;
				PRODUCT_BUNDLE_IDENTIFIER = com.spectra.agent;
				PRODUCT_NAME = "$(TARGET_NAME)";
				SWIFT_EMIT_LOC_STRINGS = YES;
				SWIFT_VERSION = 5.0;
				TARGETED_DEVICE_FAMILY = "1,2";
			};
			name = Debug;
		};
		B3000004 /* Release */ = {
			isa = XCBuildConfiguration;
			buildSettings = {
				ASSETCATALOG_COMPILER_APPICON_NAME = AppIcon;
				ASSETCATALOG_COMPILER_GLOBAL_ACCENT_COLOR_NAME = AccentColor;
				CODE_SIGN_IDENTITY = "Apple Development";
				CODE_SIGN_STYLE = Automatic;
				CURRENT_PROJECT_VERSION = 1;
				DEVELOPMENT_TEAM = "";
				ENABLE_PREVIEWS = YES;
				GENERATE_INFOPLIST_FILE = YES;
				INFOPLIST_FILE = Spectra/Info.plist;
				INFOPLIST_KEY_CFBundleDisplayName = Spectra;
				INFOPLIST_KEY_NSMicrophoneUsageDescription = "Spectra needs microphone access to listen for voice commands.";
				INFOPLIST_KEY_NSSpeechRecognitionUsageDescription = "Spectra uses speech recognition to accept voice commands for controlling your iPhone.";
				INFOPLIST_KEY_UIApplicationSceneManifest_Generation = YES;
				INFOPLIST_KEY_UIApplicationSupportsIndirectInputEvents = YES;
				INFOPLIST_KEY_UILaunchScreen_Generation = YES;
				INFOPLIST_KEY_UISupportedInterfaceOrientations_iPad = "UIInterfaceOrientationPortrait UIInterfaceOrientationPortraitUpsideDown UIInterfaceOrientationLandscapeLeft UIInterfaceOrientationLandscapeRight";
				INFOPLIST_KEY_UISupportedInterfaceOrientations_iPhone = "UIInterfaceOrientationPortrait UIInterfaceOrientationLandscapeLeft UIInterfaceOrientationLandscapeRight";
				LD_RUNPATH_SEARCH_PATHS = (
					"$(inherited)",
					"@executable_path/Frameworks",
				);
				MARKETING_VERSION = 1.0;
				PRODUCT_BUNDLE_IDENTIFIER = com.spectra.agent;
				PRODUCT_NAME = "$(TARGET_NAME)";
				SWIFT_EMIT_LOC_STRINGS = YES;
				SWIFT_VERSION = 5.0;
				TARGETED_DEVICE_FAMILY = "1,2";
			};
			name = Release;
		};
/* End XCBuildConfiguration section */

/* Begin XCConfigurationList section */
		B1000001 /* Build configuration list for PBXNativeTarget "Spectra" */ = {
			isa = XCConfigurationList;
			buildConfigurations = (
				B3000003 /* Debug */,
				B3000004 /* Release */,
			);
			defaultConfigurationIsVisible = 0;
			defaultConfigurationName = Release;
		};
		B1000002 /* Build configuration list for PBXProject "Spectra" */ = {
			isa = XCConfigurationList;
			buildConfigurations = (
				B3000001 /* Debug */,
				B3000002 /* Release */,
			);
			defaultConfigurationIsVisible = 0;
			defaultConfigurationName = Release;
		};
/* End XCConfigurationList section */

	};
	rootObject = B2000001 /* Project object */;
}
